
Microsoft Visual Studio Solution File, Format Version 12.00
# Visual Studio 15
VisualStudioVersion = 15.0.26403.3
MinimumVisualStudioVersion = 10.0.40219.1
Project("{FAE04EC0-301F-11D3-BF4B-00C04F79EFBC}") = "Automation.ConsoleApp", "Automation.ConsoleApp\Automation.ConsoleApp.csproj", "{5D532BAF-7CBC-4A29-B92B-C2FB1E61A10A}"
EndProject
Project("{2150E333-8FDC-42A3-9474-1A3956D46DE8}") = "Solution Items", "Solution Items", "{BF6BD95A-03FA-40C7-A1BF-A56B565E63DC}"
	ProjectSection(SolutionItems) = preProject
		nuget.config = nuget.config
		run.ps1 = run.ps1
	EndProjectSection
EndProject
Project("{FAE04EC0-301F-11D3-BF4B-00C04F79EFBC}") = "Preparation.ConsoleApp", "Preparation.ConsoleApp\Preparation.ConsoleApp.csproj", "{AABC675B-5069-4920-8478-685E4E0F0E86}"
EndProject
Global
	GlobalSection(SolutionConfigurationPlatforms) = preSolution
		Debug|Any CPU = Debug|Any CPU
		Release|Any CPU = Release|Any CPU
	EndGlobalSection
	GlobalSection(ProjectConfigurationPlatforms) = postSolution
		{5D532BAF-7CBC-4A29-B92B-C2FB1E61A10A}.Debug|Any CPU.ActiveCfg = Debug|Any CPU
		{5D532BAF-7CBC-4A29-B92B-C2FB1E61A10A}.Debug|Any CPU.Build.0 = Debug|Any CPU
		{5D532BAF-7CBC-4A29-B92B-C2FB1E61A10A}.Release|Any CPU.ActiveCfg = Release|Any CPU
		{5D532BAF-7CBC-4A29-B92B-C2FB1E61A10A}.Release|Any CPU.Build.0 = Release|Any CPU
		{AABC675B-5069-4920-8478-685E4E0F0E86}.Debug|Any CPU.ActiveCfg = Debug|Any CPU
		{AABC675B-5069-4920-8478-685E4E0F0E86}.Debug|Any CPU.Build.0 = Debug|Any CPU
		{AABC675B-5069-4920-8478-685E4E0F0E86}.Release|Any CPU.ActiveCfg = Release|Any CPU
		{AABC675B-5069-4920-8478-685E4E0F0E86}.Release|Any CPU.Build.0 = Release|Any CPU
	EndGlobalSection
	GlobalSection(SolutionProperties) = preSolution
		HideSolutionNode = FALSE
	EndGlobalSection
EndGlobal
